
Microsoft Visual Studio Solution File, Format Version 12.00
# Visual Studio Version 17
VisualStudioVersion = 17.6.33801.468
MinimumVisualStudioVersion = 10.0.40219.1
Project("{FAE04EC0-301F-11D3-BF4B-00C04F79EFBC}") = "Application", "Application\Application.csproj", "{09D35912-1C57-48AE-B7EA-9B8C91DAC7C4}"
EndProject
Project("{FAE04EC0-301F-11D3-BF4B-00C04F79EFBC}") = "Domain", "Domain\Domain.csproj", "{3701F3F4-A77A-4288-85EE-32F48623CA71}"
EndProject
Project("{FAE04EC0-301F-11D3-BF4B-00C04F79EFBC}") = "Infrastructure", "Infrastructure\Infrastructure.csproj", "{41858080-6F5D-417C-8121-043FB0405E4E}"
EndProject
Project("{FAE04EC0-301F-11D3-BF4B-00C04F79EFBC}") = "Api", "API\Api.csproj", "{A57F4F13-F452-4A77-870E-74292A090BEC}"
EndProject
Project("{FAE04EC0-301F-11D3-BF4B-00C04F79EFBC}") = "Reconciliation.Worker", "Reconciliation.Worker\Reconciliation.Worker.csproj", "{ACCBB870-9A3B-4852-8931-A45A5B9833A2}"
EndProject
Global
	GlobalSection(SolutionConfigurationPlatforms) = preSolution
		Debug|Any CPU = Debug|Any CPU
		Release|Any CPU = Release|Any CPU
	EndGlobalSection
	GlobalSection(ProjectConfigurationPlatforms) = postSolution
		{09D35912-1C57-48AE-B7EA-9B8C91DAC7C4}.Debug|Any CPU.ActiveCfg = Debug|Any CPU
		{09D35912-1C57-48AE-B7EA-9B8C91DAC7C4}.Debug|Any CPU.Build.0 = Debug|Any CPU
		{09D35912-1C57-48AE-B7EA-9B8C91DAC7C4}.Release|Any CPU.ActiveCfg = Release|Any CPU
		{09D35912-1C57-48AE-B7EA-9B8C91DAC7C4}.Release|Any CPU.Build.0 = Release|Any CPU
		{3701F3F4-A77A-4288-85EE-32F48623CA71}.Debug|Any CPU.ActiveCfg = Debug|Any CPU
		{3701F3F4-A77A-4288-85EE-32F48623CA71}.Debug|Any CPU.Build.0 = Debug|Any CPU
		{3701F3F4-A77A-4288-85EE-32F48623CA71}.Release|Any CPU.ActiveCfg = Release|Any CPU
		{3701F3F4-A77A-4288-85EE-32F48623CA71}.Release|Any CPU.Build.0 = Release|Any CPU
		{41858080-6F5D-417C-8121-043FB0405E4E}.Debug|Any CPU.ActiveCfg = Debug|Any CPU
		{41858080-6F5D-417C-8121-043FB0405E4E}.Debug|Any CPU.Build.0 = Debug|Any CPU
		{41858080-6F5D-417C-8121-043FB0405E4E}.Release|Any CPU.ActiveCfg = Release|Any CPU
		{41858080-6F5D-417C-8121-043FB0405E4E}.Release|Any CPU.Build.0 = Release|Any CPU
		{A57F4F13-F452-4A77-870E-74292A090BEC}.Debug|Any CPU.ActiveCfg = Debug|Any CPU
		{A57F4F13-F452-4A77-870E-74292A090BEC}.Debug|Any CPU.Build.0 = Debug|Any CPU
		{A57F4F13-F452-4A77-870E-74292A090BEC}.Release|Any CPU.ActiveCfg = Release|Any CPU
		{A57F4F13-F452-4A77-870E-74292A090BEC}.Release|Any CPU.Build.0 = Release|Any CPU
		{ACCBB870-9A3B-4852-8931-A45A5B9833A2}.Debug|Any CPU.ActiveCfg = Debug|Any CPU
		{ACCBB870-9A3B-4852-8931-A45A5B9833A2}.Debug|Any CPU.Build.0 = Debug|Any CPU
		{ACCBB870-9A3B-4852-8931-A45A5B9833A2}.Release|Any CPU.ActiveCfg = Release|Any CPU
		{ACCBB870-9A3B-4852-8931-A45A5B9833A2}.Release|Any CPU.Build.0 = Release|Any CPU
	EndGlobalSection
	GlobalSection(SolutionProperties) = preSolution
		HideSolutionNode = FALSE
	EndGlobalSection
	GlobalSection(ExtensibilityGlobals) = postSolution
		SolutionGuid = {35474547-6AF6-47E1-9EB9-67D0FE897DC6}
	EndGlobalSection
EndGlobal
